// !$*UTF8*$!
{
	archiveVersion = 1;
	classes = {
	};
	objectVersion = 50;
	objects = {

/* Begin PBXBuildFile section */
		F1E71EA126EE5979009943DB /* AppDelegate.swift in Sources */ = {isa = PBXBuildFile; fileRef = F1E71EA026EE5979009943DB /* AppDelegate.swift */; };
		F1E71EA326EE5979009943DB /* SceneDelegate.swift in Sources */ = {isa = PBXBuildFile; fileRef = F1E71EA226EE5979009943DB /* SceneDelegate.swift */; };
		F1E71EA526EE5979009943DB /* KBArticlesViewController.swift in Sources */ = {isa = PBXBuildFile; fileRef = F1E71EA426EE5979009943DB /* KBArticlesViewController.swift */; };
		F1E71EA826EE5979009943DB /* Main.storyboard in Resources */ = {isa = PBXBuildFile; fileRef = F1E71EA626EE5979009943DB /* Main.storyboard */; };
		F1E71EAA26EE597B009943DB /* Assets.xcassets in Resources */ = {isa = PBXBuildFile; fileRef = F1E71EA926EE597B009943DB /* Assets.xcassets */; };
		F1E71EAD26EE597B009943DB /* LaunchScreen.storyboard in Resources */ = {isa = PBXBuildFile; fileRef = F1E71EAB26EE597B009943DB /* LaunchScreen.storyboard */; };
		F1E71EBB26EE5AFC009943DB /* DataManager.swift in Sources */ = {isa = PBXBuildFile; fileRef = F1E71EBA26EE5AFC009943DB /* DataManager.swift */; };
		F1E71EBD26EE729C009943DB /* KBListTableViewController.swift in Sources */ = {isa = PBXBuildFile; fileRef = F1E71EBC26EE729C009943DB /* KBListTableViewController.swift */; };
		F1E71EBF26EE7313009943DB /* TabBarViewController.swift in Sources */ = {isa = PBXBuildFile; fileRef = F1E71EBE26EE7313009943DB /* TabBarViewController.swift */; };
		F1E71EC126EE7371009943DB /* WarehouseListTableViewController.swift in Sources */ = {isa = PBXBuildFile; fileRef = F1E71EC026EE7371009943DB /* WarehouseListTableViewController.swift */; };
		F1E71EC326EE73B4009943DB /* WarehouseDetailedViewController.swift in Sources */ = {isa = PBXBuildFile; fileRef = F1E71EC226EE73B4009943DB /* WarehouseDetailedViewController.swift */; };
		F1E71EC526EE7B65009943DB /* ContactsListTableViewController.swift in Sources */ = {isa = PBXBuildFile; fileRef = F1E71EC426EE7B65009943DB /* ContactsListTableViewController.swift */; };
		F1E71EC726EE8510009943DB /* ContactViewController.swift in Sources */ = {isa = PBXBuildFile; fileRef = F1E71EC626EE8510009943DB /* ContactViewController.swift */; };
		F1E71EC926EE8723009943DB /* Contact.swift in Sources */ = {isa = PBXBuildFile; fileRef = F1E71EC826EE8723009943DB /* Contact.swift */; };
/* End PBXBuildFile section */

/* Begin PBXFileReference section */
		F1E71E9D26EE5979009943DB /* WarehouseAndKnowledgeBase.app */ = {isa = PBXFileReference; explicitFileType = wrapper.application; includeInIndex = 0; path = WarehouseAndKnowledgeBase.app; sourceTree = BUILT_PRODUCTS_DIR; };
		F1E71EA026EE5979009943DB /* AppDelegate.swift */ = {isa = PBXFileReference; lastKnownFileType = sourcecode.swift; path = AppDelegate.swift; sourceTree = "<group>"; };
		F1E71EA226EE5979009943DB /* SceneDelegate.swift */ = {isa = PBXFileReference; lastKnownFileType = sourcecode.swift; path = SceneDelegate.swift; sourceTree = "<group>"; };
		F1E71EA426EE5979009943DB /* KBArticlesViewController.swift */ = {isa = PBXFileReference; lastKnownFileType = sourcecode.swift; path = KBArticlesViewController.swift; sourceTree = "<group>"; };
		F1E71EA726EE5979009943DB /* Base */ = {isa = PBXFileReference; lastKnownFileType = file.storyboard; name = Base; path = Base.lproj/Main.storyboard; sourceTree = "<group>"; };
		F1E71EA926EE597B009943DB /* Assets.xcassets */ = {isa = PBXFileReference; lastKnownFileType = folder.assetcatalog; path = Assets.xcassets; sourceTree = "<group>"; };
		F1E71EAC26EE597B009943DB /* Base */ = {isa = PBXFileReference; lastKnownFileType = file.storyboard; name = Base; path = Base.lproj/LaunchScreen.storyboard; sourceTree = "<group>"; };
		F1E71EAE26EE597B009943DB /* Info.plist */ = {isa = PBXFileReference; lastKnownFileType = text.plist.xml; path = Info.plist; sourceTree = "<group>"; };
		F1E71EBA26EE5AFC009943DB /* DataManager.swift */ = {isa = PBXFileReference; lastKnownFileType = sourcecode.swift; path = DataManager.swift; sourceTree = "<group>"; };
		F1E71EBC26EE729C009943DB /* KBListTableViewController.swift */ = {isa = PBXFileReference; lastKnownFileType = sourcecode.swift; path = KBListTableViewController.swift; sourceTree = "<group>"; };
		F1E71EBE26EE7313009943DB /* TabBarViewController.swift */ = {isa = PBXFileReference; lastKnownFileType = sourcecode.swift; path = TabBarViewController.swift; sourceTree = "<group>"; };
		F1E71EC026EE7371009943DB /* WarehouseListTableViewController.swift */ = {isa = PBXFileReference; lastKnownFileType = sourcecode.swift; path = WarehouseListTableViewController.swift; sourceTree = "<group>"; };
		F1E71EC226EE73B4009943DB /* WarehouseDetailedViewController.swift */ = {isa = PBXFileReference; lastKnownFileType = sourcecode.swift; path = WarehouseDetailedViewController.swift; sourceTree = "<group>"; };
		F1E71EC426EE7B65009943DB /* ContactsListTableViewController.swift */ = {isa = PBXFileReference; lastKnownFileType = sourcecode.swift; path = ContactsListTableViewController.swift; sourceTree = "<group>"; };
		F1E71EC626EE8510009943DB /* ContactViewController.swift */ = {isa = PBXFileReference; lastKnownFileType = sourcecode.swift; path = ContactViewController.swift; sourceTree = "<group>"; };
		F1E71EC826EE8723009943DB /* Contact.swift */ = {isa = PBXFileReference; lastKnownFileType = sourcecode.swift; path = Contact.swift; sourceTree = "<group>"; };
/* End PBXFileReference section */

/* Begin PBXFrameworksBuildPhase section */
		F1E71E9A26EE5979009943DB /* Frameworks */ = {
			isa = PBXFrameworksBuildPhase;
			buildActionMask = 2147483647;
			files = (
			);
			runOnlyForDeploymentPostprocessing = 0;
		};
/* End PBXFrameworksBuildPhase section */

/* Begin PBXGroup section */
		F1E71E9426EE5979009943DB = {
			isa = PBXGroup;
			children = (
				F1E71E9F26EE5979009943DB /* WarehouseAndKnowledgeBase */,
				F1E71E9E26EE5979009943DB /* Products */,
			);
			sourceTree = "<group>";
		};
		F1E71E9E26EE5979009943DB /* Products */ = {
			isa = PBXGroup;
			children = (
				F1E71E9D26EE5979009943DB /* WarehouseAndKnowledgeBase.app */,
			);
			name = Products;
			sourceTree = "<group>";
		};
		F1E71E9F26EE5979009943DB /* WarehouseAndKnowledgeBase */ = {
			isa = PBXGroup;
			children = (
				F1E71EB926EE5AEE009943DB /* Services */,
				F1E71EB826EE5A83009943DB /* Models */,
				F1E71EB526EE5A51009943DB /* ViewControllers */,
				F1E71EB726EE5A78009943DB /* Storyboards */,
				F1E71EB426EE5A48009943DB /* App */,
				F1E71EB626EE5A5C009943DB /* Resources */,
			);
			path = WarehouseAndKnowledgeBase;
			sourceTree = "<group>";
		};
		F1E71EB426EE5A48009943DB /* App */ = {
			isa = PBXGroup;
			children = (
				F1E71EA026EE5979009943DB /* AppDelegate.swift */,
				F1E71EA226EE5979009943DB /* SceneDelegate.swift */,
				F1E71EAE26EE597B009943DB /* Info.plist */,
			);
			path = App;
			sourceTree = "<group>";
		};
		F1E71EB526EE5A51009943DB /* ViewControllers */ = {
			isa = PBXGroup;
			children = (
				F1E71EBE26EE7313009943DB /* TabBarViewController.swift */,
				F1E71EC026EE7371009943DB /* WarehouseListTableViewController.swift */,
				F1E71EC226EE73B4009943DB /* WarehouseDetailedViewController.swift */,
				F1E71EBC26EE729C009943DB /* KBListTableViewController.swift */,
				F1E71EA426EE5979009943DB /* KBArticlesViewController.swift */,
				F1E71EC426EE7B65009943DB /* ContactsListTableViewController.swift */,
				F1E71EC626EE8510009943DB /* ContactViewController.swift */,
			);
			path = ViewControllers;
			sourceTree = "<group>";
		};
		F1E71EB626EE5A5C009943DB /* Resources */ = {
			isa = PBXGroup;
			children = (
				F1E71EA926EE597B009943DB /* Assets.xcassets */,
			);
			path = Resources;
			sourceTree = "<group>";
		};
		F1E71EB726EE5A78009943DB /* Storyboards */ = {
			isa = PBXGroup;
			children = (
				F1E71EA626EE5979009943DB /* Main.storyboard */,
				F1E71EAB26EE597B009943DB /* LaunchScreen.storyboard */,
			);
			path = Storyboards;
			sourceTree = "<group>";
		};
		F1E71EB826EE5A83009943DB /* Models */ = {
			isa = PBXGroup;
			children = (
				F1E71EC826EE8723009943DB /* Contact.swift */,
			);
			path = Models;
			sourceTree = "<group>";
		};
		F1E71EB926EE5AEE009943DB /* Services */ = {
			isa = PBXGroup;
			children = (
				F1E71EBA26EE5AFC009943DB /* DataManager.swift */,
			);
			path = Services;
			sourceTree = "<group>";
		};
/* End PBXGroup section */

/* Begin PBXNativeTarget section */
		F1E71E9C26EE5979009943DB /* WarehouseAndKnowledgeBase */ = {
			isa = PBXNativeTarget;
			buildConfigurationList = F1E71EB126EE597B009943DB /* Build configuration list for PBXNativeTarget "WarehouseAndKnowledgeBase" */;
			buildPhases = (
				F1E71E9926EE5979009943DB /* Sources */,
				F1E71E9A26EE5979009943DB /* Frameworks */,
				F1E71E9B26EE5979009943DB /* Resources */,
			);
			buildRules = (
			);
			dependencies = (
			);
			name = WarehouseAndKnowledgeBase;
			productName = WarehouseAndKnowledgeBase;
			productReference = F1E71E9D26EE5979009943DB /* WarehouseAndKnowledgeBase.app */;
			productType = "com.apple.product-type.application";
		};
/* End PBXNativeTarget section */

/* Begin PBXProject section */
		F1E71E9526EE5979009943DB /* Project object */ = {
			isa = PBXProject;
			attributes = {
				LastSwiftUpdateCheck = 1250;
				LastUpgradeCheck = 1250;
				TargetAttributes = {
					F1E71E9C26EE5979009943DB = {
						CreatedOnToolsVersion = 12.5.1;
					};
				};
			};
			buildConfigurationList = F1E71E9826EE5979009943DB /* Build configuration list for PBXProject "WarehouseAndKnowledgeBase" */;
			compatibilityVersion = "Xcode 9.3";
			developmentRegion = en;
			hasScannedForEncodings = 0;
			knownRegions = (
				en,
				Base,
			);
			mainGroup = F1E71E9426EE5979009943DB;
			productRefGroup = F1E71E9E26EE5979009943DB /* Products */;
			projectDirPath = "";
			projectRoot = "";
			targets = (
				F1E71E9C26EE5979009943DB /* WarehouseAndKnowledgeBase */,
			);
		};
/* End PBXProject section */

/* Begin PBXResourcesBuildPhase section */
		F1E71E9B26EE5979009943DB /* Resources */ = {
			isa = PBXResourcesBuildPhase;
			buildActionMask = 2147483647;
			files = (
				F1E71EAD26EE597B009943DB /* LaunchScreen.storyboard in Resources */,
				F1E71EAA26EE597B009943DB /* Assets.xcassets in Resources */,
				F1E71EA826EE5979009943DB /* Main.storyboard in Resources */,
			);
			runOnlyForDeploymentPostprocessing = 0;
		};
/* End PBXResourcesBuildPhase section */

/* Begin PBXSourcesBuildPhase section */
		F1E71E9926EE5979009943DB /* Sources */ = {
			isa = PBXSourcesBuildPhase;
			buildActionMask = 2147483647;
			files = (
				F1E71EC126EE7371009943DB /* WarehouseListTableViewController.swift in Sources */,
				F1E71EBD26EE729C009943DB /* KBListTableViewController.swift in Sources */,
				F1E71EA526EE5979009943DB /* KBArticlesViewController.swift in Sources */,
				F1E71EBB26EE5AFC009943DB /* DataManager.swift in Sources */,
				F1E71EA126EE5979009943DB /* AppDelegate.swift in Sources */,
				F1E71EBF26EE7313009943DB /* TabBarViewController.swift in Sources */,
				F1E71EC926EE8723009943DB /* Contact.swift in Sources */,
				F1E71EC326EE73B4009943DB /* WarehouseDetailedViewController.swift in Sources */,
				F1E71EA326EE5979009943DB /* SceneDelegate.swift in Sources */,
				F1E71EC526EE7B65009943DB /* ContactsListTableViewController.swift in Sources */,
				F1E71EC726EE8510009943DB /* ContactViewController.swift in Sources */,
			);
			runOnlyForDeploymentPostprocessing = 0;
		};
/* End PBXSourcesBuildPhase section */

/* Begin PBXVariantGroup section */
		F1E71EA626EE5979009943DB /* Main.storyboard */ = {
			isa = PBXVariantGroup;
			children = (
				F1E71EA726EE5979009943DB /* Base */,
			);
			name = Main.storyboard;
			sourceTree = "<group>";
		};
		F1E71EAB26EE597B009943DB /* LaunchScreen.storyboard */ = {
			isa = PBXVariantGroup;
			children = (
				F1E71EAC26EE597B009943DB /* Base */,
			);
			name = LaunchScreen.storyboard;
			sourceTree = "<group>";
		};
/* End PBXVariantGroup section */

/* Begin XCBuildConfiguration section */
		F1E71EAF26EE597B009943DB /* Debug */ = {
			isa = XCBuildConfiguration;
			buildSettings = {
				ALWAYS_SEARCH_USER_PATHS = NO;
				CLANG_ANALYZER_NONNULL = YES;
				CLANG_ANALYZER_NUMBER_OBJECT_CONVERSION = YES_AGGRESSIVE;
				CLANG_CXX_LANGUAGE_STANDARD = "gnu++14";
				CLANG_CXX_LIBRARY = "libc++";
				CLANG_ENABLE_MODULES = YES;
				CLANG_ENABLE_OBJC_ARC = YES;
				CLANG_ENABLE_OBJC_WEAK = YES;
				CLANG_WARN_BLOCK_CAPTURE_AUTORELEASING = YES;
				CLANG_WARN_BOOL_CONVERSION = YES;
				CLANG_WARN_COMMA = YES;
				CLANG_WARN_CONSTANT_CONVERSION = YES;
				CLANG_WARN_DEPRECATED_OBJC_IMPLEMENTATIONS = YES;
				CLANG_WARN_DIRECT_OBJC_ISA_USAGE = YES_ERROR;
				CLANG_WARN_DOCUMENTATION_COMMENTS = YES;
				CLANG_WARN_EMPTY_BODY = YES;
				CLANG_WARN_ENUM_CONVERSION = YES;
				CLANG_WARN_INFINITE_RECURSION = YES;
				CLANG_WARN_INT_CONVERSION = YES;
				CLANG_WARN_NON_LITERAL_NULL_CONVERSION = YES;
				CLANG_WARN_OBJC_IMPLICIT_RETAIN_SELF = YES;
				CLANG_WARN_OBJC_LITERAL_CONVERSION = YES;
				CLANG_WARN_OBJC_ROOT_CLASS = YES_ERROR;
				CLANG_WARN_QUOTED_INCLUDE_IN_FRAMEWORK_HEADER = YES;
				CLANG_WARN_RANGE_LOOP_ANALYSIS = YES;
				CLANG_WARN_STRICT_PROTOTYPES = YES;
				CLANG_WARN_SUSPICIOUS_MOVE = YES;
				CLANG_WARN_UNGUARDED_AVAILABILITY = YES_AGGRESSIVE;
				CLANG_WARN_UNREACHABLE_CODE = YES;
				CLANG_WARN__DUPLICATE_METHOD_MATCH = YES;
				COPY_PHASE_STRIP = NO;
				DEBUG_INFORMATION_FORMAT = dwarf;
				ENABLE_STRICT_OBJC_MSGSEND = YES;
				ENABLE_TESTABILITY = YES;
				GCC_C_LANGUAGE_STANDARD = gnu11;
				GCC_DYNAMIC_NO_PIC = NO;
				GCC_NO_COMMON_BLOCKS = YES;
				GCC_OPTIMIZATION_LEVEL = 0;
				GCC_PREPROCESSOR_DEFINITIONS = (
					"DEBUG=1",
					"$(inherited)",
				);
				GCC_WARN_64_TO_32_BIT_CONVERSION = YES;
				GCC_WARN_ABOUT_RETURN_TYPE = YES_ERROR;
				GCC_WARN_UNDECLARED_SELECTOR = YES;
				GCC_WARN_UNINITIALIZED_AUTOS = YES_AGGRESSIVE;
				GCC_WARN_UNUSED_FUNCTION = YES;
				GCC_WARN_UNUSED_VARIABLE = YES;
				IPHONEOS_DEPLOYMENT_TARGET = 14.5;
				MTL_ENABLE_DEBUG_INFO = INCLUDE_SOURCE;
				MTL_FAST_MATH = YES;
				ONLY_ACTIVE_ARCH = YES;
				SDKROOT = iphoneos;
				SWIFT_ACTIVE_COMPILATION_CONDITIONS = DEBUG;
				SWIFT_OPTIMIZATION_LEVEL = "-Onone";
			};
			name = Debug;
		};
		F1E71EB026EE597B009943DB /* Release */ = {
			isa = XCBuildConfiguration;
			buildSettings = {
				ALWAYS_SEARCH_USER_PATHS = NO;
				CLANG_ANALYZER_NONNULL = YES;
				CLANG_ANALYZER_NUMBER_OBJECT_CONVERSION = YES_AGGRESSIVE;
				CLANG_CXX_LANGUAGE_STANDARD = "gnu++14";
				CLANG_CXX_LIBRARY = "libc++";
				CLANG_ENABLE_MODULES = YES;
				CLANG_ENABLE_OBJC_ARC = YES;
				CLANG_ENABLE_OBJC_WEAK = YES;
				CLANG_WARN_BLOCK_CAPTURE_AUTORELEASING = YES;
				CLANG_WARN_BOOL_CONVERSION = YES;
				CLANG_WARN_COMMA = YES;
				CLANG_WARN_CONSTANT_CONVERSION = YES;
				CLANG_WARN_DEPRECATED_OBJC_IMPLEMENTATIONS = YES;
				CLANG_WARN_DIRECT_OBJC_ISA_USAGE = YES_ERROR;
				CLANG_WARN_DOCUMENTATION_COMMENTS = YES;
				CLANG_WARN_EMPTY_BODY = YES;
				CLANG_WARN_ENUM_CONVERSION = YES;
				CLANG_WARN_INFINITE_RECURSION = YES;
				CLANG_WARN_INT_CONVERSION = YES;
				CLANG_WARN_NON_LITERAL_NULL_CONVERSION = YES;
				CLANG_WARN_OBJC_IMPLICIT_RETAIN_SELF = YES;
				CLANG_WARN_OBJC_LITERAL_CONVERSION = YES;
				CLANG_WARN_OBJC_ROOT_CLASS = YES_ERROR;
				CLANG_WARN_QUOTED_INCLUDE_IN_FRAMEWORK_HEADER = YES;
				CLANG_WARN_RANGE_LOOP_ANALYSIS = YES;
				CLANG_WARN_STRICT_PROTOTYPES = YES;
				CLANG_WARN_SUSPICIOUS_MOVE = YES;
				CLANG_WARN_UNGUARDED_AVAILABILITY = YES_AGGRESSIVE;
				CLANG_WARN_UNREACHABLE_CODE = YES;
				CLANG_WARN__DUPLICATE_METHOD_MATCH = YES;
				COPY_PHASE_STRIP = NO;
				DEBUG_INFORMATION_FORMAT = "dwarf-with-dsym";
				ENABLE_NS_ASSERTIONS = NO;
				ENABLE_STRICT_OBJC_MSGSEND = YES;
				GCC_C_LANGUAGE_STANDARD = gnu11;
				GCC_NO_COMMON_BLOCKS = YES;
				GCC_WARN_64_TO_32_BIT_CONVERSION = YES;
				GCC_WARN_ABOUT_RETURN_TYPE = YES_ERROR;
				GCC_WARN_UNDECLARED_SELECTOR = YES;
				GCC_WARN_UNINITIALIZED_AUTOS = YES_AGGRESSIVE;
				GCC_WARN_UNUSED_FUNCTION = YES;
				GCC_WARN_UNUSED_VARIABLE = YES;
				IPHONEOS_DEPLOYMENT_TARGET = 14.5;
				MTL_ENABLE_DEBUG_INFO = NO;
				MTL_FAST_MATH = YES;
				SDKROOT = iphoneos;
				SWIFT_COMPILATION_MODE = wholemodule;
				SWIFT_OPTIMIZATION_LEVEL = "-O";
				VALIDATE_PRODUCT = YES;
			};
			name = Release;
		};
		F1E71EB226EE597B009943DB /* Debug */ = {
			isa = XCBuildConfiguration;
			buildSettings = {
				ASSETCATALOG_COMPILER_APPICON_NAME = AppIcon;
				ASSETCATALOG_COMPILER_GLOBAL_ACCENT_COLOR_NAME = AccentColor;
				CODE_SIGN_STYLE = Automatic;
				DEVELOPMENT_TEAM = RR2792TYH2;
				INFOPLIST_FILE = WarehouseAndKnowledgeBase/App/Info.plist;
				LD_RUNPATH_SEARCH_PATHS = (
					"$(inherited)",
					"@executable_path/Frameworks",
				);
				PRODUCT_BUNDLE_IDENTIFIER = com.ravilgab.WarehouseAndKnowledgeBase;
				PRODUCT_NAME = "$(TARGET_NAME)";
				SWIFT_VERSION = 5.0;
				TARGETED_DEVICE_FAMILY = "1,2";
			};
			name = Debug;
		};
		F1E71EB326EE597B009943DB /* Release */ = {
			isa = XCBuildConfiguration;
			buildSettings = {
				ASSETCATALOG_COMPILER_APPICON_NAME = AppIcon;
				ASSETCATALOG_COMPILER_GLOBAL_ACCENT_COLOR_NAME = AccentColor;
				CODE_SIGN_STYLE = Automatic;
				DEVELOPMENT_TEAM = RR2792TYH2;
				INFOPLIST_FILE = WarehouseAndKnowledgeBase/App/Info.plist;
				LD_RUNPATH_SEARCH_PATHS = (
					"$(inherited)",
					"@executable_path/Frameworks",
				);
				PRODUCT_BUNDLE_IDENTIFIER = com.ravilgab.WarehouseAndKnowledgeBase;
				PRODUCT_NAME = "$(TARGET_NAME)";
				SWIFT_VERSION = 5.0;
				TARGETED_DEVICE_FAMILY = "1,2";
			};
			name = Release;
		};
/* End XCBuildConfiguration section */

/* Begin XCConfigurationList section */
		F1E71E9826EE5979009943DB /* Build configuration list for PBXProject "WarehouseAndKnowledgeBase" */ = {
			isa = XCConfigurationList;
			buildConfigurations = (
				F1E71EAF26EE597B009943DB /* Debug */,
				F1E71EB026EE597B009943DB /* Release */,
			);
			defaultConfigurationIsVisible = 0;
			defaultConfigurationName = Release;
		};
		F1E71EB126EE597B009943DB /* Build configuration list for PBXNativeTarget "WarehouseAndKnowledgeBase" */ = {
			isa = XCConfigurationList;
			buildConfigurations = (
				F1E71EB226EE597B009943DB /* Debug */,
				F1E71EB326EE597B009943DB /* Release */,
			);
			defaultConfigurationIsVisible = 0;
			defaultConfigurationName = Release;
		};
/* End XCConfigurationList section */
	};
	rootObject = F1E71E9526EE5979009943DB /* Project object */;
}
